
Microsoft Visual Studio Solution File, Format Version 12.00
# Visual Studio 15
VisualStudioVersion = 15.0.27130.2036
MinimumVisualStudioVersion = 10.0.40219.1
Project("{FAE04EC0-301F-11D3-BF4B-00C04F79EFBC}") = "WebSocketsApp", "WebSocketsApp\WebSocketsApp.csproj", "{F2617208-956F-414D-A7CD-6A6EF6069236}"
EndProject
Global
	GlobalSection(SolutionConfigurationPlatforms) = preSolution
		Debug|Any CPU = Debug|Any CPU
		Release|Any CPU = Release|Any CPU
	EndGlobalSection
	GlobalSection(ProjectConfigurationPlatforms) = postSolution
		{F2617208-956F-414D-A7CD-6A6EF6069236}.Debug|Any CPU.ActiveCfg = Debug|Any CPU
		{F2617208-956F-414D-A7CD-6A6EF6069236}.Debug|Any CPU.Build.0 = Debug|Any CPU
		{F2617208-956F-414D-A7CD-6A6EF6069236}.Release|Any CPU.ActiveCfg = Release|Any CPU
		{F2617208-956F-414D-A7CD-6A6EF6069236}.Release|Any CPU.Build.0 = Release|Any CPU
	EndGlobalSection
	GlobalSection(SolutionProperties) = preSolution
		HideSolutionNode = FALSE
	EndGlobalSection
	GlobalSection(ExtensibilityGlobals) = postSolution
		SolutionGuid = {BADD41A6-08EC-4C4F-9CC7-C7EC99D43B61}
	EndGlobalSection
EndGlobal
