
Microsoft Visual Studio Solution File, Format Version 12.00
# Visual Studio 15
VisualStudioVersion = 15.0.27130.2036
MinimumVisualStudioVersion = 10.0.40219.1
Project("{FAE04EC0-301F-11D3-BF4B-00C04F79EFBC}") = "CarsApp", "CarsApp\CarsApp.csproj", "{CA605B8C-CB15-45F5-95C6-1EC78B3DCE0C}"
EndProject
Global
	GlobalSection(SolutionConfigurationPlatforms) = preSolution
		Debug|Any CPU = Debug|Any CPU
		Release|Any CPU = Release|Any CPU
	EndGlobalSection
	GlobalSection(ProjectConfigurationPlatforms) = postSolution
		{CA605B8C-CB15-45F5-95C6-1EC78B3DCE0C}.Debug|Any CPU.ActiveCfg = Debug|Any CPU
		{CA605B8C-CB15-45F5-95C6-1EC78B3DCE0C}.Debug|Any CPU.Build.0 = Debug|Any CPU
		{CA605B8C-CB15-45F5-95C6-1EC78B3DCE0C}.Release|Any CPU.ActiveCfg = Release|Any CPU
		{CA605B8C-CB15-45F5-95C6-1EC78B3DCE0C}.Release|Any CPU.Build.0 = Release|Any CPU
	EndGlobalSection
	GlobalSection(SolutionProperties) = preSolution
		HideSolutionNode = FALSE
	EndGlobalSection
	GlobalSection(ExtensibilityGlobals) = postSolution
		SolutionGuid = {19592AA7-A7B1-4DCB-99F7-6CAD03C3CCFD}
	EndGlobalSection
EndGlobal
